
Microsoft Visual Studio Solution File, Format Version 12.00
# Visual Studio 2012
Project("{FAE04EC0-301F-11D3-BF4B-00C04F79EFBC}") = "lecture", "lecture\lecture.csproj", "{99B47F51-A851-452C-B666-1160D6D47B56}"
EndProject
Project("{FAE04EC0-301F-11D3-BF4B-00C04F79EFBC}") = "forTry", "forTry\forTry.csproj", "{8B8E4A8F-2A08-43E4-AE01-0D2FC1FDD2DF}"
EndProject
Global
	GlobalSection(SolutionConfigurationPlatforms) = preSolution
		Debug|Any CPU = Debug|Any CPU
		Release|Any CPU = Release|Any CPU
	EndGlobalSection
	GlobalSection(ProjectConfigurationPlatforms) = postSolution
		{99B47F51-A851-452C-B666-1160D6D47B56}.Debug|Any CPU.ActiveCfg = Debug|Any CPU
		{99B47F51-A851-452C-B666-1160D6D47B56}.Debug|Any CPU.Build.0 = Debug|Any CPU
		{99B47F51-A851-452C-B666-1160D6D47B56}.Release|Any CPU.ActiveCfg = Release|Any CPU
		{99B47F51-A851-452C-B666-1160D6D47B56}.Release|Any CPU.Build.0 = Release|Any CPU
		{8B8E4A8F-2A08-43E4-AE01-0D2FC1FDD2DF}.Debug|Any CPU.ActiveCfg = Debug|Any CPU
		{8B8E4A8F-2A08-43E4-AE01-0D2FC1FDD2DF}.Debug|Any CPU.Build.0 = Debug|Any CPU
		{8B8E4A8F-2A08-43E4-AE01-0D2FC1FDD2DF}.Release|Any CPU.ActiveCfg = Release|Any CPU
		{8B8E4A8F-2A08-43E4-AE01-0D2FC1FDD2DF}.Release|Any CPU.Build.0 = Release|Any CPU
	EndGlobalSection
	GlobalSection(SolutionProperties) = preSolution
		HideSolutionNode = FALSE
	EndGlobalSection
EndGlobal
