
Microsoft Visual Studio Solution File, Format Version 12.00
# Visual Studio 2012
Project("{FAE04EC0-301F-11D3-BF4B-00C04F79EFBC}") = "lecture", "lecture\lecture.csproj", "{1E5C0829-378E-40DE-BDAD-195DDBAB6D80}"
EndProject
Project("{FAE04EC0-301F-11D3-BF4B-00C04F79EFBC}") = "BunnyWars", "BunnyWars\BunnyWars.csproj", "{03D61522-52E2-4CD2-83F2-D42DF3F8F0FD}"
EndProject
Project("{FAE04EC0-301F-11D3-BF4B-00C04F79EFBC}") = "Problem 1. Define class", "Problem 1. Define class\Problem 1. Define class.csproj", "{20F01AE3-9EAF-4D90-9D81-DE4CEE588C57}"
EndProject
Global
	GlobalSection(SolutionConfigurationPlatforms) = preSolution
		Debug|Any CPU = Debug|Any CPU
		Release|Any CPU = Release|Any CPU
	EndGlobalSection
	GlobalSection(ProjectConfigurationPlatforms) = postSolution
		{1E5C0829-378E-40DE-BDAD-195DDBAB6D80}.Debug|Any CPU.ActiveCfg = Debug|Any CPU
		{1E5C0829-378E-40DE-BDAD-195DDBAB6D80}.Debug|Any CPU.Build.0 = Debug|Any CPU
		{1E5C0829-378E-40DE-BDAD-195DDBAB6D80}.Release|Any CPU.ActiveCfg = Release|Any CPU
		{1E5C0829-378E-40DE-BDAD-195DDBAB6D80}.Release|Any CPU.Build.0 = Release|Any CPU
		{03D61522-52E2-4CD2-83F2-D42DF3F8F0FD}.Debug|Any CPU.ActiveCfg = Debug|Any CPU
		{03D61522-52E2-4CD2-83F2-D42DF3F8F0FD}.Debug|Any CPU.Build.0 = Debug|Any CPU
		{03D61522-52E2-4CD2-83F2-D42DF3F8F0FD}.Release|Any CPU.ActiveCfg = Release|Any CPU
		{03D61522-52E2-4CD2-83F2-D42DF3F8F0FD}.Release|Any CPU.Build.0 = Release|Any CPU
		{20F01AE3-9EAF-4D90-9D81-DE4CEE588C57}.Debug|Any CPU.ActiveCfg = Debug|Any CPU
		{20F01AE3-9EAF-4D90-9D81-DE4CEE588C57}.Debug|Any CPU.Build.0 = Debug|Any CPU
		{20F01AE3-9EAF-4D90-9D81-DE4CEE588C57}.Release|Any CPU.ActiveCfg = Release|Any CPU
		{20F01AE3-9EAF-4D90-9D81-DE4CEE588C57}.Release|Any CPU.Build.0 = Release|Any CPU
	EndGlobalSection
	GlobalSection(SolutionProperties) = preSolution
		HideSolutionNode = FALSE
	EndGlobalSection
EndGlobal
