
Microsoft Visual Studio Solution File, Format Version 12.00
# Visual Studio 2012
Project("{FAE04EC0-301F-11D3-BF4B-00C04F79EFBC}") = "Square", "Intro\Square.csproj", "{D6969545-43C4-4995-8D2C-4A59EF92EB91}"
EndProject
Project("{FAE04EC0-301F-11D3-BF4B-00C04F79EFBC}") = "Date and Time", "Date and Times\Date and Time.csproj", "{B3782BC7-0BAE-4361-99CB-86B38CC0EC6F}"
EndProject
Global
	GlobalSection(SolutionConfigurationPlatforms) = preSolution
		Debug|Any CPU = Debug|Any CPU
		Release|Any CPU = Release|Any CPU
	EndGlobalSection
	GlobalSection(ProjectConfigurationPlatforms) = postSolution
		{D6969545-43C4-4995-8D2C-4A59EF92EB91}.Debug|Any CPU.ActiveCfg = Debug|Any CPU
		{D6969545-43C4-4995-8D2C-4A59EF92EB91}.Debug|Any CPU.Build.0 = Debug|Any CPU
		{D6969545-43C4-4995-8D2C-4A59EF92EB91}.Release|Any CPU.ActiveCfg = Release|Any CPU
		{D6969545-43C4-4995-8D2C-4A59EF92EB91}.Release|Any CPU.Build.0 = Release|Any CPU
		{B3782BC7-0BAE-4361-99CB-86B38CC0EC6F}.Debug|Any CPU.ActiveCfg = Debug|Any CPU
		{B3782BC7-0BAE-4361-99CB-86B38CC0EC6F}.Debug|Any CPU.Build.0 = Debug|Any CPU
		{B3782BC7-0BAE-4361-99CB-86B38CC0EC6F}.Release|Any CPU.ActiveCfg = Release|Any CPU
		{B3782BC7-0BAE-4361-99CB-86B38CC0EC6F}.Release|Any CPU.Build.0 = Release|Any CPU
	EndGlobalSection
	GlobalSection(SolutionProperties) = preSolution
		HideSolutionNode = FALSE
	EndGlobalSection
EndGlobal
