
Microsoft Visual Studio Solution File, Format Version 12.00
# Visual Studio 2012
Project("{FAE04EC0-301F-11D3-BF4B-00C04F79EFBC}") = "lecture", "lecture\lecture.csproj", "{8E0F1447-6535-4388-BC2D-A57AF0D907AD}"
EndProject
Project("{FAE04EC0-301F-11D3-BF4B-00C04F79EFBC}") = "Inheritance lecture", "Inheritance lecture\Inheritance lecture.csproj", "{8F317A10-BFC8-4712-A62D-C27FFFA0BE50}"
EndProject
Project("{FAE04EC0-301F-11D3-BF4B-00C04F79EFBC}") = "01. School classes", "01. School classes\01. School classes.csproj", "{271E2336-8F8F-45F0-8444-7148A9D49F85}"
EndProject
Global
	GlobalSection(SolutionConfigurationPlatforms) = preSolution
		Debug|Any CPU = Debug|Any CPU
		Release|Any CPU = Release|Any CPU
	EndGlobalSection
	GlobalSection(ProjectConfigurationPlatforms) = postSolution
		{8E0F1447-6535-4388-BC2D-A57AF0D907AD}.Debug|Any CPU.ActiveCfg = Debug|Any CPU
		{8E0F1447-6535-4388-BC2D-A57AF0D907AD}.Debug|Any CPU.Build.0 = Debug|Any CPU
		{8E0F1447-6535-4388-BC2D-A57AF0D907AD}.Release|Any CPU.ActiveCfg = Release|Any CPU
		{8E0F1447-6535-4388-BC2D-A57AF0D907AD}.Release|Any CPU.Build.0 = Release|Any CPU
		{8F317A10-BFC8-4712-A62D-C27FFFA0BE50}.Debug|Any CPU.ActiveCfg = Debug|Any CPU
		{8F317A10-BFC8-4712-A62D-C27FFFA0BE50}.Debug|Any CPU.Build.0 = Debug|Any CPU
		{8F317A10-BFC8-4712-A62D-C27FFFA0BE50}.Release|Any CPU.ActiveCfg = Release|Any CPU
		{8F317A10-BFC8-4712-A62D-C27FFFA0BE50}.Release|Any CPU.Build.0 = Release|Any CPU
		{271E2336-8F8F-45F0-8444-7148A9D49F85}.Debug|Any CPU.ActiveCfg = Debug|Any CPU
		{271E2336-8F8F-45F0-8444-7148A9D49F85}.Debug|Any CPU.Build.0 = Debug|Any CPU
		{271E2336-8F8F-45F0-8444-7148A9D49F85}.Release|Any CPU.ActiveCfg = Release|Any CPU
		{271E2336-8F8F-45F0-8444-7148A9D49F85}.Release|Any CPU.Build.0 = Release|Any CPU
	EndGlobalSection
	GlobalSection(SolutionProperties) = preSolution
		HideSolutionNode = FALSE
	EndGlobalSection
EndGlobal
