
Microsoft Visual Studio Solution File, Format Version 12.00
# Visual Studio 2012
Project("{FAE04EC0-301F-11D3-BF4B-00C04F79EFBC}") = "Animals", "Animals\Animals.csproj", "{04BF8E23-A314-4A68-A1A1-BB3590277355}"
EndProject
Project("{FAE04EC0-301F-11D3-BF4B-00C04F79EFBC}") = "Classes", "Classes\Classes.csproj", "{06DBB6D9-C444-43D9-900F-98332B4736AF}"
EndProject
Global
	GlobalSection(SolutionConfigurationPlatforms) = preSolution
		Debug|Any CPU = Debug|Any CPU
		Release|Any CPU = Release|Any CPU
	EndGlobalSection
	GlobalSection(ProjectConfigurationPlatforms) = postSolution
		{04BF8E23-A314-4A68-A1A1-BB3590277355}.Debug|Any CPU.ActiveCfg = Debug|Any CPU
		{04BF8E23-A314-4A68-A1A1-BB3590277355}.Debug|Any CPU.Build.0 = Debug|Any CPU
		{04BF8E23-A314-4A68-A1A1-BB3590277355}.Release|Any CPU.ActiveCfg = Release|Any CPU
		{04BF8E23-A314-4A68-A1A1-BB3590277355}.Release|Any CPU.Build.0 = Release|Any CPU
		{06DBB6D9-C444-43D9-900F-98332B4736AF}.Debug|Any CPU.ActiveCfg = Debug|Any CPU
		{06DBB6D9-C444-43D9-900F-98332B4736AF}.Debug|Any CPU.Build.0 = Debug|Any CPU
		{06DBB6D9-C444-43D9-900F-98332B4736AF}.Release|Any CPU.ActiveCfg = Release|Any CPU
		{06DBB6D9-C444-43D9-900F-98332B4736AF}.Release|Any CPU.Build.0 = Release|Any CPU
	EndGlobalSection
	GlobalSection(SolutionProperties) = preSolution
		HideSolutionNode = FALSE
	EndGlobalSection
EndGlobal
