
Microsoft Visual Studio Solution File, Format Version 12.00
# Visual Studio 2012
Project("{FAE04EC0-301F-11D3-BF4B-00C04F79EFBC}") = "02. Text ot Number", "02. Text ot Number\02. Text ot Number.csproj", "{DC650F72-26D8-437C-8E8A-AA7137880113}"
EndProject
Project("{FAE04EC0-301F-11D3-BF4B-00C04F79EFBC}") = "try", "try\try.csproj", "{C4671DD8-7EAA-49F5-B779-74A8CA564D25}"
EndProject
Project("{FAE04EC0-301F-11D3-BF4B-00C04F79EFBC}") = "01. Printing", "01. Printing\01. Printing.csproj", "{FFA9EEDE-5976-4191-A0DD-39535E59641F}"
EndProject
Project("{FAE04EC0-301F-11D3-BF4B-00C04F79EFBC}") = "03. Number transformation", "03. Number transformation\03. Number transformation.csproj", "{7C38CA4E-3EFD-4710-B5DF-782A745A068C}"
EndProject
Project("{FAE04EC0-301F-11D3-BF4B-00C04F79EFBC}") = "04. Cube", "04. Cube\04. Cube.csproj", "{35EADF9D-E1C5-4068-9C81-1FA26CCB7D2E}"
EndProject
Project("{FAE04EC0-301F-11D3-BF4B-00C04F79EFBC}") = "05. Bits to Bits", "05. Bits to Bits\05. Bits to Bits.csproj", "{66D8A3DC-1689-4A6C-B924-27CD89FB7D42}"
EndProject
Global
	GlobalSection(SolutionConfigurationPlatforms) = preSolution
		Debug|Any CPU = Debug|Any CPU
		Release|Any CPU = Release|Any CPU
	EndGlobalSection
	GlobalSection(ProjectConfigurationPlatforms) = postSolution
		{DC650F72-26D8-437C-8E8A-AA7137880113}.Debug|Any CPU.ActiveCfg = Debug|Any CPU
		{DC650F72-26D8-437C-8E8A-AA7137880113}.Debug|Any CPU.Build.0 = Debug|Any CPU
		{DC650F72-26D8-437C-8E8A-AA7137880113}.Release|Any CPU.ActiveCfg = Release|Any CPU
		{DC650F72-26D8-437C-8E8A-AA7137880113}.Release|Any CPU.Build.0 = Release|Any CPU
		{C4671DD8-7EAA-49F5-B779-74A8CA564D25}.Debug|Any CPU.ActiveCfg = Debug|Any CPU
		{C4671DD8-7EAA-49F5-B779-74A8CA564D25}.Debug|Any CPU.Build.0 = Debug|Any CPU
		{C4671DD8-7EAA-49F5-B779-74A8CA564D25}.Release|Any CPU.ActiveCfg = Release|Any CPU
		{C4671DD8-7EAA-49F5-B779-74A8CA564D25}.Release|Any CPU.Build.0 = Release|Any CPU
		{FFA9EEDE-5976-4191-A0DD-39535E59641F}.Debug|Any CPU.ActiveCfg = Debug|Any CPU
		{FFA9EEDE-5976-4191-A0DD-39535E59641F}.Debug|Any CPU.Build.0 = Debug|Any CPU
		{FFA9EEDE-5976-4191-A0DD-39535E59641F}.Release|Any CPU.ActiveCfg = Release|Any CPU
		{FFA9EEDE-5976-4191-A0DD-39535E59641F}.Release|Any CPU.Build.0 = Release|Any CPU
		{7C38CA4E-3EFD-4710-B5DF-782A745A068C}.Debug|Any CPU.ActiveCfg = Debug|Any CPU
		{7C38CA4E-3EFD-4710-B5DF-782A745A068C}.Debug|Any CPU.Build.0 = Debug|Any CPU
		{7C38CA4E-3EFD-4710-B5DF-782A745A068C}.Release|Any CPU.ActiveCfg = Release|Any CPU
		{7C38CA4E-3EFD-4710-B5DF-782A745A068C}.Release|Any CPU.Build.0 = Release|Any CPU
		{35EADF9D-E1C5-4068-9C81-1FA26CCB7D2E}.Debug|Any CPU.ActiveCfg = Debug|Any CPU
		{35EADF9D-E1C5-4068-9C81-1FA26CCB7D2E}.Debug|Any CPU.Build.0 = Debug|Any CPU
		{35EADF9D-E1C5-4068-9C81-1FA26CCB7D2E}.Release|Any CPU.ActiveCfg = Release|Any CPU
		{35EADF9D-E1C5-4068-9C81-1FA26CCB7D2E}.Release|Any CPU.Build.0 = Release|Any CPU
		{66D8A3DC-1689-4A6C-B924-27CD89FB7D42}.Debug|Any CPU.ActiveCfg = Debug|Any CPU
		{66D8A3DC-1689-4A6C-B924-27CD89FB7D42}.Debug|Any CPU.Build.0 = Debug|Any CPU
		{66D8A3DC-1689-4A6C-B924-27CD89FB7D42}.Release|Any CPU.ActiveCfg = Release|Any CPU
		{66D8A3DC-1689-4A6C-B924-27CD89FB7D42}.Release|Any CPU.Build.0 = Release|Any CPU
	EndGlobalSection
	GlobalSection(SolutionProperties) = preSolution
		HideSolutionNode = FALSE
	EndGlobalSection
EndGlobal
